
Microsoft Visual Studio Solution File, Format Version 12.00
# Visual Studio Version 17
VisualStudioVersion = 17.0.32014.148
MinimumVisualStudioVersion = 10.0.40219.1
Project("{9A19103F-16F7-4668-BE54-9A1E7A4F7556}") = "Telia.LinqToGraphQL", "Telia.LinqToGraphQL\Telia.LinqToGraphQL.csproj", "{794782F0-6869-4277-8717-C5B8F9919D3C}"
EndProject
Project("{9A19103F-16F7-4668-BE54-9A1E7A4F7556}") = "Telia.LinqToGraphQL.Tests", "Telia.LinqToGraphQL.Tests\Telia.LinqToGraphQL.Tests.csproj", "{903FC7F1-8D61-4DBE-AFB3-42501DF08820}"
EndProject
Global
	GlobalSection(SolutionConfigurationPlatforms) = preSolution
		Release|Any CPU = Release|Any CPU
	EndGlobalSection
	GlobalSection(ProjectConfigurationPlatforms) = postSolution
		{794782F0-6869-4277-8717-C5B8F9919D3C}.Release|Any CPU.ActiveCfg = Release|Any CPU
		{794782F0-6869-4277-8717-C5B8F9919D3C}.Release|Any CPU.Build.0 = Release|Any CPU
		{903FC7F1-8D61-4DBE-AFB3-42501DF08820}.Release|Any CPU.ActiveCfg = Release|Any CPU
		{903FC7F1-8D61-4DBE-AFB3-42501DF08820}.Release|Any CPU.Build.0 = Release|Any CPU
	EndGlobalSection
	GlobalSection(SolutionProperties) = preSolution
		HideSolutionNode = FALSE
	EndGlobalSection
	GlobalSection(ExtensibilityGlobals) = postSolution
		SolutionGuid = {B8390EF5-99C5-4938-94B2-E1202956C91C}
	EndGlobalSection
EndGlobal
