
Microsoft Visual Studio Solution File, Format Version 12.00
# Visual Studio 15
VisualStudioVersion = 15.0.27703.2047
MinimumVisualStudioVersion = 10.0.40219.1
Project("{FAE04EC0-301F-11D3-BF4B-00C04F79EFBC}") = "Telia.GraphQL.Client", "Telia.GraphQL.Client\Telia.GraphQL.Client.csproj", "{C7355B77-4504-4000-A64B-E18CCCB4069A}"
EndProject
Project("{FAE04EC0-301F-11D3-BF4B-00C04F79EFBC}") = "Telia.GraphQL.Tests", "Telia.GraphQL.Tests\Telia.GraphQL.Tests.csproj", "{CDBDB4AB-AC45-4AAE-ACC9-04139D6E7C3B}"
EndProject
Project("{FAE04EC0-301F-11D3-BF4B-00C04F79EFBC}") = "Telia.GraphQL.Tooling", "Telia.GraphQL.Tooling\Telia.GraphQL.Tooling.csproj", "{F3695DF0-C725-4A5A-8966-EEBBBC18BE8D}"
EndProject
Global
	GlobalSection(SolutionConfigurationPlatforms) = preSolution
		Debug|Any CPU = Debug|Any CPU
		Release|Any CPU = Release|Any CPU
	EndGlobalSection
	GlobalSection(ProjectConfigurationPlatforms) = postSolution
		{C7355B77-4504-4000-A64B-E18CCCB4069A}.Debug|Any CPU.ActiveCfg = Debug|Any CPU
		{C7355B77-4504-4000-A64B-E18CCCB4069A}.Debug|Any CPU.Build.0 = Debug|Any CPU
		{C7355B77-4504-4000-A64B-E18CCCB4069A}.Release|Any CPU.ActiveCfg = Release|Any CPU
		{C7355B77-4504-4000-A64B-E18CCCB4069A}.Release|Any CPU.Build.0 = Release|Any CPU
		{CDBDB4AB-AC45-4AAE-ACC9-04139D6E7C3B}.Debug|Any CPU.ActiveCfg = Debug|Any CPU
		{CDBDB4AB-AC45-4AAE-ACC9-04139D6E7C3B}.Debug|Any CPU.Build.0 = Debug|Any CPU
		{CDBDB4AB-AC45-4AAE-ACC9-04139D6E7C3B}.Release|Any CPU.ActiveCfg = Release|Any CPU
		{CDBDB4AB-AC45-4AAE-ACC9-04139D6E7C3B}.Release|Any CPU.Build.0 = Release|Any CPU
		{F3695DF0-C725-4A5A-8966-EEBBBC18BE8D}.Debug|Any CPU.ActiveCfg = Debug|Any CPU
		{F3695DF0-C725-4A5A-8966-EEBBBC18BE8D}.Debug|Any CPU.Build.0 = Debug|Any CPU
		{F3695DF0-C725-4A5A-8966-EEBBBC18BE8D}.Release|Any CPU.ActiveCfg = Release|Any CPU
		{F3695DF0-C725-4A5A-8966-EEBBBC18BE8D}.Release|Any CPU.Build.0 = Release|Any CPU
	EndGlobalSection
	GlobalSection(SolutionProperties) = preSolution
		HideSolutionNode = FALSE
	EndGlobalSection
	GlobalSection(ExtensibilityGlobals) = postSolution
		SolutionGuid = {FB813699-0E6C-4F18-B0FF-E5E2289417BF}
	EndGlobalSection
EndGlobal
