
Microsoft Visual Studio Solution File, Format Version 12.00
# Visual Studio 15
VisualStudioVersion = 15.0.27703.2047
MinimumVisualStudioVersion = 10.0.40219.1
Project("{FAE04EC0-301F-11D3-BF4B-00C04F79EFBC}") = "Telia.GraphQL.Client.Example", "Telia.GraphQL.Client.Example\Telia.GraphQL.Client.Example.csproj", "{250A071A-3F95-4CF9-8B6B-31340F8A87A3}"
EndProject
Project("{FAE04EC0-301F-11D3-BF4B-00C04F79EFBC}") = "Telia.GraphQL.Client", "..\..\Telia.GraphQL.Client\Telia.GraphQL.Client.csproj", "{C7355B77-4504-4000-A64B-E18CCCB4069A}"
EndProject
Global
	GlobalSection(SolutionConfigurationPlatforms) = preSolution
		Debug|Any CPU = Debug|Any CPU
		Release|Any CPU = Release|Any CPU
	EndGlobalSection
	GlobalSection(ProjectConfigurationPlatforms) = postSolution
		{250A071A-3F95-4CF9-8B6B-31340F8A87A3}.Debug|Any CPU.ActiveCfg = Debug|Any CPU
		{250A071A-3F95-4CF9-8B6B-31340F8A87A3}.Debug|Any CPU.Build.0 = Debug|Any CPU
		{250A071A-3F95-4CF9-8B6B-31340F8A87A3}.Release|Any CPU.ActiveCfg = Release|Any CPU
		{250A071A-3F95-4CF9-8B6B-31340F8A87A3}.Release|Any CPU.Build.0 = Release|Any CPU
		{C7355B77-4504-4000-A64B-E18CCCB4069A}.Debug|Any CPU.ActiveCfg = Debug|Any CPU
		{C7355B77-4504-4000-A64B-E18CCCB4069A}.Debug|Any CPU.Build.0 = Debug|Any CPU
		{C7355B77-4504-4000-A64B-E18CCCB4069A}.Release|Any CPU.ActiveCfg = Release|Any CPU
		{C7355B77-4504-4000-A64B-E18CCCB4069A}.Release|Any CPU.Build.0 = Release|Any CPU
	EndGlobalSection
	GlobalSection(SolutionProperties) = preSolution
		HideSolutionNode = FALSE
	EndGlobalSection
	GlobalSection(ExtensibilityGlobals) = postSolution
		SolutionGuid = {0A3F346A-C17E-4359-99F3-DC4080A9E123}
	EndGlobalSection
EndGlobal
